
Microsoft Visual Studio Solution File, Format Version 12.00
# Visual Studio 15
VisualStudioVersion = 15.0.27130.2010
MinimumVisualStudioVersion = 10.0.40219.1
Project("{9A19103F-16F7-4668-BE54-9A1E7A4F7556}") = "BankScraper", "BankScraper\BankScraper.csproj", "{081D285B-1B88-445C-A632-87F72798BB98}"
EndProject
Project("{2150E333-8FDC-42A3-9474-1A3956D46DE8}") = "src", "src", "{0C64A279-91B4-4079-9130-3E0A9BC4DD73}"
	ProjectSection(SolutionItems) = preProject
		BankScraper\App.config = BankScraper\App.config
	EndProjectSection
EndProject
Global
	GlobalSection(SolutionConfigurationPlatforms) = preSolution
		Debug|Any CPU = Debug|Any CPU
		Release|Any CPU = Release|Any CPU
	EndGlobalSection
	GlobalSection(ProjectConfigurationPlatforms) = postSolution
		{081D285B-1B88-445C-A632-87F72798BB98}.Debug|Any CPU.ActiveCfg = Debug|Any CPU
		{081D285B-1B88-445C-A632-87F72798BB98}.Debug|Any CPU.Build.0 = Debug|Any CPU
		{081D285B-1B88-445C-A632-87F72798BB98}.Release|Any CPU.ActiveCfg = Release|Any CPU
		{081D285B-1B88-445C-A632-87F72798BB98}.Release|Any CPU.Build.0 = Release|Any CPU
	EndGlobalSection
	GlobalSection(SolutionProperties) = preSolution
		HideSolutionNode = FALSE
	EndGlobalSection
	GlobalSection(NestedProjects) = preSolution
		{081D285B-1B88-445C-A632-87F72798BB98} = {0C64A279-91B4-4079-9130-3E0A9BC4DD73}
	EndGlobalSection
	GlobalSection(ExtensibilityGlobals) = postSolution
		SolutionGuid = {0A1EB47B-99F9-432C-BA08-61184565E7ED}
	EndGlobalSection
EndGlobal
