
Microsoft Visual Studio Solution File, Format Version 12.00
# Visual Studio 15
VisualStudioVersion = 15.0.27130.2010
MinimumVisualStudioVersion = 10.0.40219.1
Project("{FAE04EC0-301F-11D3-BF4B-00C04F79EFBC}") = "CrossBankScraperApp.Android", "CrossBankScraperApp\CrossBankScraperApp.Android\CrossBankScraperApp.Android.csproj", "{6C62A455-757F-4269-8AEE-D99D85BAD6AC}"
EndProject
Project("{FAE04EC0-301F-11D3-BF4B-00C04F79EFBC}") = "CrossBankScraperApp.iOS", "CrossBankScraperApp\CrossBankScraperApp.iOS\CrossBankScraperApp.iOS.csproj", "{133569E6-0514-4B54-84E8-7CDCDD179B03}"
EndProject
Project("{FAE04EC0-301F-11D3-BF4B-00C04F79EFBC}") = "CrossBankScraperApp.UWP", "CrossBankScraperApp\CrossBankScraperApp.UWP\CrossBankScraperApp.UWP.csproj", "{F5E07285-2A61-4C9C-8E83-DD88BEE55D61}"
EndProject
Project("{9A19103F-16F7-4668-BE54-9A1E7A4F7556}") = "CrossBankScraperApp", "CrossBankScraperApp\CrossBankScraperApp\CrossBankScraperApp.csproj", "{B0923B2A-06CB-45AB-A859-52BC7EBAFB5C}"
EndProject
Project("{2150E333-8FDC-42A3-9474-1A3956D46DE8}") = "Cross", "Cross", "{FCEB0C38-876D-4B1E-AF1F-B1BACB3B8745}"
EndProject
Project("{2150E333-8FDC-42A3-9474-1A3956D46DE8}") = "Native", "Native", "{717C74A3-5EEA-40D0-901D-F908B377E993}"
EndProject
Project("{9A19103F-16F7-4668-BE54-9A1E7A4F7556}") = "BankScraper", "BankScraper\BankScraper.csproj", "{A6A39CB0-793F-4EB4-B8F5-8FC10F1182D6}"
EndProject
Global
	GlobalSection(SolutionConfigurationPlatforms) = preSolution
		Ad-Hoc|Any CPU = Ad-Hoc|Any CPU
		Ad-Hoc|ARM = Ad-Hoc|ARM
		Ad-Hoc|iPhone = Ad-Hoc|iPhone
		Ad-Hoc|iPhoneSimulator = Ad-Hoc|iPhoneSimulator
		Ad-Hoc|x64 = Ad-Hoc|x64
		Ad-Hoc|x86 = Ad-Hoc|x86
		AppStore|Any CPU = AppStore|Any CPU
		AppStore|ARM = AppStore|ARM
		AppStore|iPhone = AppStore|iPhone
		AppStore|iPhoneSimulator = AppStore|iPhoneSimulator
		AppStore|x64 = AppStore|x64
		AppStore|x86 = AppStore|x86
		Debug|Any CPU = Debug|Any CPU
		Debug|ARM = Debug|ARM
		Debug|iPhone = Debug|iPhone
		Debug|iPhoneSimulator = Debug|iPhoneSimulator
		Debug|x64 = Debug|x64
		Debug|x86 = Debug|x86
		Release|Any CPU = Release|Any CPU
		Release|ARM = Release|ARM
		Release|iPhone = Release|iPhone
		Release|iPhoneSimulator = Release|iPhoneSimulator
		Release|x64 = Release|x64
		Release|x86 = Release|x86
	EndGlobalSection
	GlobalSection(ProjectConfigurationPlatforms) = postSolution
		{6C62A455-757F-4269-8AEE-D99D85BAD6AC}.Ad-Hoc|Any CPU.ActiveCfg = Release|Any CPU
		{6C62A455-757F-4269-8AEE-D99D85BAD6AC}.Ad-Hoc|Any CPU.Build.0 = Release|Any CPU
		{6C62A455-757F-4269-8AEE-D99D85BAD6AC}.Ad-Hoc|Any CPU.Deploy.0 = Release|Any CPU
		{6C62A455-757F-4269-8AEE-D99D85BAD6AC}.Ad-Hoc|ARM.ActiveCfg = Release|Any CPU
		{6C62A455-757F-4269-8AEE-D99D85BAD6AC}.Ad-Hoc|ARM.Build.0 = Release|Any CPU
		{6C62A455-757F-4269-8AEE-D99D85BAD6AC}.Ad-Hoc|ARM.Deploy.0 = Release|Any CPU
		{6C62A455-757F-4269-8AEE-D99D85BAD6AC}.Ad-Hoc|iPhone.ActiveCfg = Release|Any CPU
		{6C62A455-757F-4269-8AEE-D99D85BAD6AC}.Ad-Hoc|iPhone.Build.0 = Release|Any CPU
		{6C62A455-757F-4269-8AEE-D99D85BAD6AC}.Ad-Hoc|iPhone.Deploy.0 = Release|Any CPU
		{6C62A455-757F-4269-8AEE-D99D85BAD6AC}.Ad-Hoc|iPhoneSimulator.ActiveCfg = Release|Any CPU
		{6C62A455-757F-4269-8AEE-D99D85BAD6AC}.Ad-Hoc|iPhoneSimulator.Build.0 = Release|Any CPU
		{6C62A455-757F-4269-8AEE-D99D85BAD6AC}.Ad-Hoc|iPhoneSimulator.Deploy.0 = Release|Any CPU
		{6C62A455-757F-4269-8AEE-D99D85BAD6AC}.Ad-Hoc|x64.ActiveCfg = Release|Any CPU
		{6C62A455-757F-4269-8AEE-D99D85BAD6AC}.Ad-Hoc|x64.Build.0 = Release|Any CPU
		{6C62A455-757F-4269-8AEE-D99D85BAD6AC}.Ad-Hoc|x64.Deploy.0 = Release|Any CPU
		{6C62A455-757F-4269-8AEE-D99D85BAD6AC}.Ad-Hoc|x86.ActiveCfg = Release|Any CPU
		{6C62A455-757F-4269-8AEE-D99D85BAD6AC}.Ad-Hoc|x86.Build.0 = Release|Any CPU
		{6C62A455-757F-4269-8AEE-D99D85BAD6AC}.Ad-Hoc|x86.Deploy.0 = Release|Any CPU
		{6C62A455-757F-4269-8AEE-D99D85BAD6AC}.AppStore|Any CPU.ActiveCfg = Release|Any CPU
		{6C62A455-757F-4269-8AEE-D99D85BAD6AC}.AppStore|Any CPU.Build.0 = Release|Any CPU
		{6C62A455-757F-4269-8AEE-D99D85BAD6AC}.AppStore|Any CPU.Deploy.0 = Release|Any CPU
		{6C62A455-757F-4269-8AEE-D99D85BAD6AC}.AppStore|ARM.ActiveCfg = Release|Any CPU
		{6C62A455-757F-4269-8AEE-D99D85BAD6AC}.AppStore|ARM.Build.0 = Release|Any CPU
		{6C62A455-757F-4269-8AEE-D99D85BAD6AC}.AppStore|ARM.Deploy.0 = Release|Any CPU
		{6C62A455-757F-4269-8AEE-D99D85BAD6AC}.AppStore|iPhone.ActiveCfg = Release|Any CPU
		{6C62A455-757F-4269-8AEE-D99D85BAD6AC}.AppStore|iPhone.Build.0 = Release|Any CPU
		{6C62A455-757F-4269-8AEE-D99D85BAD6AC}.AppStore|iPhone.Deploy.0 = Release|Any CPU
		{6C62A455-757F-4269-8AEE-D99D85BAD6AC}.AppStore|iPhoneSimulator.ActiveCfg = Release|Any CPU
		{6C62A455-757F-4269-8AEE-D99D85BAD6AC}.AppStore|iPhoneSimulator.Build.0 = Release|Any CPU
		{6C62A455-757F-4269-8AEE-D99D85BAD6AC}.AppStore|iPhoneSimulator.Deploy.0 = Release|Any CPU
		{6C62A455-757F-4269-8AEE-D99D85BAD6AC}.AppStore|x64.ActiveCfg = Release|Any CPU
		{6C62A455-757F-4269-8AEE-D99D85BAD6AC}.AppStore|x64.Build.0 = Release|Any CPU
		{6C62A455-757F-4269-8AEE-D99D85BAD6AC}.AppStore|x64.Deploy.0 = Release|Any CPU
		{6C62A455-757F-4269-8AEE-D99D85BAD6AC}.AppStore|x86.ActiveCfg = Release|Any CPU
		{6C62A455-757F-4269-8AEE-D99D85BAD6AC}.AppStore|x86.Build.0 = Release|Any CPU
		{6C62A455-757F-4269-8AEE-D99D85BAD6AC}.AppStore|x86.Deploy.0 = Release|Any CPU
		{6C62A455-757F-4269-8AEE-D99D85BAD6AC}.Debug|Any CPU.ActiveCfg = Debug|Any CPU
		{6C62A455-757F-4269-8AEE-D99D85BAD6AC}.Debug|Any CPU.Build.0 = Debug|Any CPU
		{6C62A455-757F-4269-8AEE-D99D85BAD6AC}.Debug|Any CPU.Deploy.0 = Debug|Any CPU
		{6C62A455-757F-4269-8AEE-D99D85BAD6AC}.Debug|ARM.ActiveCfg = Debug|Any CPU
		{6C62A455-757F-4269-8AEE-D99D85BAD6AC}.Debug|ARM.Build.0 = Debug|Any CPU
		{6C62A455-757F-4269-8AEE-D99D85BAD6AC}.Debug|ARM.Deploy.0 = Debug|Any CPU
		{6C62A455-757F-4269-8AEE-D99D85BAD6AC}.Debug|iPhone.ActiveCfg = Debug|Any CPU
		{6C62A455-757F-4269-8AEE-D99D85BAD6AC}.Debug|iPhone.Build.0 = Debug|Any CPU
		{6C62A455-757F-4269-8AEE-D99D85BAD6AC}.Debug|iPhone.Deploy.0 = Debug|Any CPU
		{6C62A455-757F-4269-8AEE-D99D85BAD6AC}.Debug|iPhoneSimulator.ActiveCfg = Debug|Any CPU
		{6C62A455-757F-4269-8AEE-D99D85BAD6AC}.Debug|iPhoneSimulator.Build.0 = Debug|Any CPU
		{6C62A455-757F-4269-8AEE-D99D85BAD6AC}.Debug|iPhoneSimulator.Deploy.0 = Debug|Any CPU
		{6C62A455-757F-4269-8AEE-D99D85BAD6AC}.Debug|x64.ActiveCfg = Debug|Any CPU
		{6C62A455-757F-4269-8AEE-D99D85BAD6AC}.Debug|x64.Build.0 = Debug|Any CPU
		{6C62A455-757F-4269-8AEE-D99D85BAD6AC}.Debug|x64.Deploy.0 = Debug|Any CPU
		{6C62A455-757F-4269-8AEE-D99D85BAD6AC}.Debug|x86.ActiveCfg = Debug|Any CPU
		{6C62A455-757F-4269-8AEE-D99D85BAD6AC}.Debug|x86.Build.0 = Debug|Any CPU
		{6C62A455-757F-4269-8AEE-D99D85BAD6AC}.Debug|x86.Deploy.0 = Debug|Any CPU
		{6C62A455-757F-4269-8AEE-D99D85BAD6AC}.Release|Any CPU.ActiveCfg = Release|Any CPU
		{6C62A455-757F-4269-8AEE-D99D85BAD6AC}.Release|Any CPU.Build.0 = Release|Any CPU
		{6C62A455-757F-4269-8AEE-D99D85BAD6AC}.Release|Any CPU.Deploy.0 = Release|Any CPU
		{6C62A455-757F-4269-8AEE-D99D85BAD6AC}.Release|ARM.ActiveCfg = Release|Any CPU
		{6C62A455-757F-4269-8AEE-D99D85BAD6AC}.Release|ARM.Build.0 = Release|Any CPU
		{6C62A455-757F-4269-8AEE-D99D85BAD6AC}.Release|ARM.Deploy.0 = Release|Any CPU
		{6C62A455-757F-4269-8AEE-D99D85BAD6AC}.Release|iPhone.ActiveCfg = Release|Any CPU
		{6C62A455-757F-4269-8AEE-D99D85BAD6AC}.Release|iPhone.Build.0 = Release|Any CPU
		{6C62A455-757F-4269-8AEE-D99D85BAD6AC}.Release|iPhone.Deploy.0 = Release|Any CPU
		{6C62A455-757F-4269-8AEE-D99D85BAD6AC}.Release|iPhoneSimulator.ActiveCfg = Release|Any CPU
		{6C62A455-757F-4269-8AEE-D99D85BAD6AC}.Release|iPhoneSimulator.Build.0 = Release|Any CPU
		{6C62A455-757F-4269-8AEE-D99D85BAD6AC}.Release|iPhoneSimulator.Deploy.0 = Release|Any CPU
		{6C62A455-757F-4269-8AEE-D99D85BAD6AC}.Release|x64.ActiveCfg = Release|Any CPU
		{6C62A455-757F-4269-8AEE-D99D85BAD6AC}.Release|x64.Build.0 = Release|Any CPU
		{6C62A455-757F-4269-8AEE-D99D85BAD6AC}.Release|x64.Deploy.0 = Release|Any CPU
		{6C62A455-757F-4269-8AEE-D99D85BAD6AC}.Release|x86.ActiveCfg = Release|Any CPU
		{6C62A455-757F-4269-8AEE-D99D85BAD6AC}.Release|x86.Build.0 = Release|Any CPU
		{6C62A455-757F-4269-8AEE-D99D85BAD6AC}.Release|x86.Deploy.0 = Release|Any CPU
		{133569E6-0514-4B54-84E8-7CDCDD179B03}.Ad-Hoc|Any CPU.ActiveCfg = Ad-Hoc|iPhone
		{133569E6-0514-4B54-84E8-7CDCDD179B03}.Ad-Hoc|ARM.ActiveCfg = Ad-Hoc|iPhone
		{133569E6-0514-4B54-84E8-7CDCDD179B03}.Ad-Hoc|iPhone.ActiveCfg = Ad-Hoc|iPhone
		{133569E6-0514-4B54-84E8-7CDCDD179B03}.Ad-Hoc|iPhone.Build.0 = Ad-Hoc|iPhone
		{133569E6-0514-4B54-84E8-7CDCDD179B03}.Ad-Hoc|iPhoneSimulator.ActiveCfg = Ad-Hoc|iPhoneSimulator
		{133569E6-0514-4B54-84E8-7CDCDD179B03}.Ad-Hoc|iPhoneSimulator.Build.0 = Ad-Hoc|iPhoneSimulator
		{133569E6-0514-4B54-84E8-7CDCDD179B03}.Ad-Hoc|x64.ActiveCfg = Ad-Hoc|iPhone
		{133569E6-0514-4B54-84E8-7CDCDD179B03}.Ad-Hoc|x86.ActiveCfg = Ad-Hoc|iPhone
		{133569E6-0514-4B54-84E8-7CDCDD179B03}.AppStore|Any CPU.ActiveCfg = AppStore|iPhone
		{133569E6-0514-4B54-84E8-7CDCDD179B03}.AppStore|ARM.ActiveCfg = AppStore|iPhone
		{133569E6-0514-4B54-84E8-7CDCDD179B03}.AppStore|iPhone.ActiveCfg = AppStore|iPhone
		{133569E6-0514-4B54-84E8-7CDCDD179B03}.AppStore|iPhone.Build.0 = AppStore|iPhone
		{133569E6-0514-4B54-84E8-7CDCDD179B03}.AppStore|iPhoneSimulator.ActiveCfg = AppStore|iPhoneSimulator
		{133569E6-0514-4B54-84E8-7CDCDD179B03}.AppStore|iPhoneSimulator.Build.0 = AppStore|iPhoneSimulator
		{133569E6-0514-4B54-84E8-7CDCDD179B03}.AppStore|x64.ActiveCfg = AppStore|iPhone
		{133569E6-0514-4B54-84E8-7CDCDD179B03}.AppStore|x86.ActiveCfg = AppStore|iPhone
		{133569E6-0514-4B54-84E8-7CDCDD179B03}.Debug|Any CPU.ActiveCfg = Debug|iPhone
		{133569E6-0514-4B54-84E8-7CDCDD179B03}.Debug|ARM.ActiveCfg = Debug|iPhone
		{133569E6-0514-4B54-84E8-7CDCDD179B03}.Debug|iPhone.ActiveCfg = Debug|iPhone
		{133569E6-0514-4B54-84E8-7CDCDD179B03}.Debug|iPhone.Build.0 = Debug|iPhone
		{133569E6-0514-4B54-84E8-7CDCDD179B03}.Debug|iPhoneSimulator.ActiveCfg = Debug|iPhoneSimulator
		{133569E6-0514-4B54-84E8-7CDCDD179B03}.Debug|iPhoneSimulator.Build.0 = Debug|iPhoneSimulator
		{133569E6-0514-4B54-84E8-7CDCDD179B03}.Debug|x64.ActiveCfg = Debug|iPhone
		{133569E6-0514-4B54-84E8-7CDCDD179B03}.Debug|x86.ActiveCfg = Debug|iPhone
		{133569E6-0514-4B54-84E8-7CDCDD179B03}.Release|Any CPU.ActiveCfg = Release|iPhone
		{133569E6-0514-4B54-84E8-7CDCDD179B03}.Release|ARM.ActiveCfg = Release|iPhone
		{133569E6-0514-4B54-84E8-7CDCDD179B03}.Release|iPhone.ActiveCfg = Release|iPhone
		{133569E6-0514-4B54-84E8-7CDCDD179B03}.Release|iPhone.Build.0 = Release|iPhone
		{133569E6-0514-4B54-84E8-7CDCDD179B03}.Release|iPhoneSimulator.ActiveCfg = Release|iPhoneSimulator
		{133569E6-0514-4B54-84E8-7CDCDD179B03}.Release|iPhoneSimulator.Build.0 = Release|iPhoneSimulator
		{133569E6-0514-4B54-84E8-7CDCDD179B03}.Release|x64.ActiveCfg = Release|iPhone
		{133569E6-0514-4B54-84E8-7CDCDD179B03}.Release|x86.ActiveCfg = Release|iPhone
		{F5E07285-2A61-4C9C-8E83-DD88BEE55D61}.Ad-Hoc|Any CPU.ActiveCfg = Release|x86
		{F5E07285-2A61-4C9C-8E83-DD88BEE55D61}.Ad-Hoc|Any CPU.Build.0 = Release|x86
		{F5E07285-2A61-4C9C-8E83-DD88BEE55D61}.Ad-Hoc|Any CPU.Deploy.0 = Release|x86
		{F5E07285-2A61-4C9C-8E83-DD88BEE55D61}.Ad-Hoc|ARM.ActiveCfg = Release|ARM
		{F5E07285-2A61-4C9C-8E83-DD88BEE55D61}.Ad-Hoc|ARM.Build.0 = Release|ARM
		{F5E07285-2A61-4C9C-8E83-DD88BEE55D61}.Ad-Hoc|ARM.Deploy.0 = Release|ARM
		{F5E07285-2A61-4C9C-8E83-DD88BEE55D61}.Ad-Hoc|iPhone.ActiveCfg = Release|x86
		{F5E07285-2A61-4C9C-8E83-DD88BEE55D61}.Ad-Hoc|iPhone.Build.0 = Release|x86
		{F5E07285-2A61-4C9C-8E83-DD88BEE55D61}.Ad-Hoc|iPhone.Deploy.0 = Release|x86
		{F5E07285-2A61-4C9C-8E83-DD88BEE55D61}.Ad-Hoc|iPhoneSimulator.ActiveCfg = Release|x86
		{F5E07285-2A61-4C9C-8E83-DD88BEE55D61}.Ad-Hoc|iPhoneSimulator.Build.0 = Release|x86
		{F5E07285-2A61-4C9C-8E83-DD88BEE55D61}.Ad-Hoc|iPhoneSimulator.Deploy.0 = Release|x86
		{F5E07285-2A61-4C9C-8E83-DD88BEE55D61}.Ad-Hoc|x64.ActiveCfg = Release|x64
		{F5E07285-2A61-4C9C-8E83-DD88BEE55D61}.Ad-Hoc|x64.Build.0 = Release|x64
		{F5E07285-2A61-4C9C-8E83-DD88BEE55D61}.Ad-Hoc|x64.Deploy.0 = Release|x64
		{F5E07285-2A61-4C9C-8E83-DD88BEE55D61}.Ad-Hoc|x86.ActiveCfg = Release|x86
		{F5E07285-2A61-4C9C-8E83-DD88BEE55D61}.Ad-Hoc|x86.Build.0 = Release|x86
		{F5E07285-2A61-4C9C-8E83-DD88BEE55D61}.Ad-Hoc|x86.Deploy.0 = Release|x86
		{F5E07285-2A61-4C9C-8E83-DD88BEE55D61}.AppStore|Any CPU.ActiveCfg = Release|x86
		{F5E07285-2A61-4C9C-8E83-DD88BEE55D61}.AppStore|Any CPU.Build.0 = Release|x86
		{F5E07285-2A61-4C9C-8E83-DD88BEE55D61}.AppStore|Any CPU.Deploy.0 = Release|x86
		{F5E07285-2A61-4C9C-8E83-DD88BEE55D61}.AppStore|ARM.ActiveCfg = Release|ARM
		{F5E07285-2A61-4C9C-8E83-DD88BEE55D61}.AppStore|ARM.Build.0 = Release|ARM
		{F5E07285-2A61-4C9C-8E83-DD88BEE55D61}.AppStore|ARM.Deploy.0 = Release|ARM
		{F5E07285-2A61-4C9C-8E83-DD88BEE55D61}.AppStore|iPhone.ActiveCfg = Release|x86
		{F5E07285-2A61-4C9C-8E83-DD88BEE55D61}.AppStore|iPhone.Build.0 = Release|x86
		{F5E07285-2A61-4C9C-8E83-DD88BEE55D61}.AppStore|iPhone.Deploy.0 = Release|x86
		{F5E07285-2A61-4C9C-8E83-DD88BEE55D61}.AppStore|iPhoneSimulator.ActiveCfg = Release|x86
		{F5E07285-2A61-4C9C-8E83-DD88BEE55D61}.AppStore|iPhoneSimulator.Build.0 = Release|x86
		{F5E07285-2A61-4C9C-8E83-DD88BEE55D61}.AppStore|iPhoneSimulator.Deploy.0 = Release|x86
		{F5E07285-2A61-4C9C-8E83-DD88BEE55D61}.AppStore|x64.ActiveCfg = Release|x64
		{F5E07285-2A61-4C9C-8E83-DD88BEE55D61}.AppStore|x64.Build.0 = Release|x64
		{F5E07285-2A61-4C9C-8E83-DD88BEE55D61}.AppStore|x64.Deploy.0 = Release|x64
		{F5E07285-2A61-4C9C-8E83-DD88BEE55D61}.AppStore|x86.ActiveCfg = Release|x86
		{F5E07285-2A61-4C9C-8E83-DD88BEE55D61}.AppStore|x86.Build.0 = Release|x86
		{F5E07285-2A61-4C9C-8E83-DD88BEE55D61}.AppStore|x86.Deploy.0 = Release|x86
		{F5E07285-2A61-4C9C-8E83-DD88BEE55D61}.Debug|Any CPU.ActiveCfg = Debug|x86
		{F5E07285-2A61-4C9C-8E83-DD88BEE55D61}.Debug|ARM.ActiveCfg = Debug|ARM
		{F5E07285-2A61-4C9C-8E83-DD88BEE55D61}.Debug|ARM.Build.0 = Debug|ARM
		{F5E07285-2A61-4C9C-8E83-DD88BEE55D61}.Debug|ARM.Deploy.0 = Debug|ARM
		{F5E07285-2A61-4C9C-8E83-DD88BEE55D61}.Debug|iPhone.ActiveCfg = Debug|x86
		{F5E07285-2A61-4C9C-8E83-DD88BEE55D61}.Debug|iPhoneSimulator.ActiveCfg = Debug|x86
		{F5E07285-2A61-4C9C-8E83-DD88BEE55D61}.Debug|x64.ActiveCfg = Debug|x64
		{F5E07285-2A61-4C9C-8E83-DD88BEE55D61}.Debug|x64.Build.0 = Debug|x64
		{F5E07285-2A61-4C9C-8E83-DD88BEE55D61}.Debug|x64.Deploy.0 = Debug|x64
		{F5E07285-2A61-4C9C-8E83-DD88BEE55D61}.Debug|x86.ActiveCfg = Debug|x86
		{F5E07285-2A61-4C9C-8E83-DD88BEE55D61}.Debug|x86.Build.0 = Debug|x86
		{F5E07285-2A61-4C9C-8E83-DD88BEE55D61}.Debug|x86.Deploy.0 = Debug|x86
		{F5E07285-2A61-4C9C-8E83-DD88BEE55D61}.Release|Any CPU.ActiveCfg = Release|x86
		{F5E07285-2A61-4C9C-8E83-DD88BEE55D61}.Release|ARM.ActiveCfg = Release|ARM
		{F5E07285-2A61-4C9C-8E83-DD88BEE55D61}.Release|ARM.Build.0 = Release|ARM
		{F5E07285-2A61-4C9C-8E83-DD88BEE55D61}.Release|ARM.Deploy.0 = Release|ARM
		{F5E07285-2A61-4C9C-8E83-DD88BEE55D61}.Release|iPhone.ActiveCfg = Release|x86
		{F5E07285-2A61-4C9C-8E83-DD88BEE55D61}.Release|iPhoneSimulator.ActiveCfg = Release|x86
		{F5E07285-2A61-4C9C-8E83-DD88BEE55D61}.Release|x64.ActiveCfg = Release|x64
		{F5E07285-2A61-4C9C-8E83-DD88BEE55D61}.Release|x64.Build.0 = Release|x64
		{F5E07285-2A61-4C9C-8E83-DD88BEE55D61}.Release|x64.Deploy.0 = Release|x64
		{F5E07285-2A61-4C9C-8E83-DD88BEE55D61}.Release|x86.ActiveCfg = Release|x86
		{F5E07285-2A61-4C9C-8E83-DD88BEE55D61}.Release|x86.Build.0 = Release|x86
		{F5E07285-2A61-4C9C-8E83-DD88BEE55D61}.Release|x86.Deploy.0 = Release|x86
		{B0923B2A-06CB-45AB-A859-52BC7EBAFB5C}.Ad-Hoc|Any CPU.ActiveCfg = Debug|Any CPU
		{B0923B2A-06CB-45AB-A859-52BC7EBAFB5C}.Ad-Hoc|Any CPU.Build.0 = Debug|Any CPU
		{B0923B2A-06CB-45AB-A859-52BC7EBAFB5C}.Ad-Hoc|ARM.ActiveCfg = Debug|Any CPU
		{B0923B2A-06CB-45AB-A859-52BC7EBAFB5C}.Ad-Hoc|ARM.Build.0 = Debug|Any CPU
		{B0923B2A-06CB-45AB-A859-52BC7EBAFB5C}.Ad-Hoc|iPhone.ActiveCfg = Debug|Any CPU
		{B0923B2A-06CB-45AB-A859-52BC7EBAFB5C}.Ad-Hoc|iPhone.Build.0 = Debug|Any CPU
		{B0923B2A-06CB-45AB-A859-52BC7EBAFB5C}.Ad-Hoc|iPhoneSimulator.ActiveCfg = Debug|Any CPU
		{B0923B2A-06CB-45AB-A859-52BC7EBAFB5C}.Ad-Hoc|iPhoneSimulator.Build.0 = Debug|Any CPU
		{B0923B2A-06CB-45AB-A859-52BC7EBAFB5C}.Ad-Hoc|x64.ActiveCfg = Debug|Any CPU
		{B0923B2A-06CB-45AB-A859-52BC7EBAFB5C}.Ad-Hoc|x64.Build.0 = Debug|Any CPU
		{B0923B2A-06CB-45AB-A859-52BC7EBAFB5C}.Ad-Hoc|x86.ActiveCfg = Debug|Any CPU
		{B0923B2A-06CB-45AB-A859-52BC7EBAFB5C}.Ad-Hoc|x86.Build.0 = Debug|Any CPU
		{B0923B2A-06CB-45AB-A859-52BC7EBAFB5C}.AppStore|Any CPU.ActiveCfg = Debug|Any CPU
		{B0923B2A-06CB-45AB-A859-52BC7EBAFB5C}.AppStore|Any CPU.Build.0 = Debug|Any CPU
		{B0923B2A-06CB-45AB-A859-52BC7EBAFB5C}.AppStore|ARM.ActiveCfg = Debug|Any CPU
		{B0923B2A-06CB-45AB-A859-52BC7EBAFB5C}.AppStore|ARM.Build.0 = Debug|Any CPU
		{B0923B2A-06CB-45AB-A859-52BC7EBAFB5C}.AppStore|iPhone.ActiveCfg = Debug|Any CPU
		{B0923B2A-06CB-45AB-A859-52BC7EBAFB5C}.AppStore|iPhone.Build.0 = Debug|Any CPU
		{B0923B2A-06CB-45AB-A859-52BC7EBAFB5C}.AppStore|iPhoneSimulator.ActiveCfg = Debug|Any CPU
		{B0923B2A-06CB-45AB-A859-52BC7EBAFB5C}.AppStore|iPhoneSimulator.Build.0 = Debug|Any CPU
		{B0923B2A-06CB-45AB-A859-52BC7EBAFB5C}.AppStore|x64.ActiveCfg = Debug|Any CPU
		{B0923B2A-06CB-45AB-A859-52BC7EBAFB5C}.AppStore|x64.Build.0 = Debug|Any CPU
		{B0923B2A-06CB-45AB-A859-52BC7EBAFB5C}.AppStore|x86.ActiveCfg = Debug|Any CPU
		{B0923B2A-06CB-45AB-A859-52BC7EBAFB5C}.AppStore|x86.Build.0 = Debug|Any CPU
		{B0923B2A-06CB-45AB-A859-52BC7EBAFB5C}.Debug|Any CPU.ActiveCfg = Debug|Any CPU
		{B0923B2A-06CB-45AB-A859-52BC7EBAFB5C}.Debug|Any CPU.Build.0 = Debug|Any CPU
		{B0923B2A-06CB-45AB-A859-52BC7EBAFB5C}.Debug|ARM.ActiveCfg = Debug|Any CPU
		{B0923B2A-06CB-45AB-A859-52BC7EBAFB5C}.Debug|ARM.Build.0 = Debug|Any CPU
		{B0923B2A-06CB-45AB-A859-52BC7EBAFB5C}.Debug|iPhone.ActiveCfg = Debug|Any CPU
		{B0923B2A-06CB-45AB-A859-52BC7EBAFB5C}.Debug|iPhone.Build.0 = Debug|Any CPU
		{B0923B2A-06CB-45AB-A859-52BC7EBAFB5C}.Debug|iPhoneSimulator.ActiveCfg = Debug|Any CPU
		{B0923B2A-06CB-45AB-A859-52BC7EBAFB5C}.Debug|iPhoneSimulator.Build.0 = Debug|Any CPU
		{B0923B2A-06CB-45AB-A859-52BC7EBAFB5C}.Debug|x64.ActiveCfg = Debug|Any CPU
		{B0923B2A-06CB-45AB-A859-52BC7EBAFB5C}.Debug|x64.Build.0 = Debug|Any CPU
		{B0923B2A-06CB-45AB-A859-52BC7EBAFB5C}.Debug|x86.ActiveCfg = Debug|Any CPU
		{B0923B2A-06CB-45AB-A859-52BC7EBAFB5C}.Debug|x86.Build.0 = Debug|Any CPU
		{B0923B2A-06CB-45AB-A859-52BC7EBAFB5C}.Release|Any CPU.ActiveCfg = Release|Any CPU
		{B0923B2A-06CB-45AB-A859-52BC7EBAFB5C}.Release|Any CPU.Build.0 = Release|Any CPU
		{B0923B2A-06CB-45AB-A859-52BC7EBAFB5C}.Release|ARM.ActiveCfg = Release|Any CPU
		{B0923B2A-06CB-45AB-A859-52BC7EBAFB5C}.Release|ARM.Build.0 = Release|Any CPU
		{B0923B2A-06CB-45AB-A859-52BC7EBAFB5C}.Release|iPhone.ActiveCfg = Release|Any CPU
		{B0923B2A-06CB-45AB-A859-52BC7EBAFB5C}.Release|iPhone.Build.0 = Release|Any CPU
		{B0923B2A-06CB-45AB-A859-52BC7EBAFB5C}.Release|iPhoneSimulator.ActiveCfg = Release|Any CPU
		{B0923B2A-06CB-45AB-A859-52BC7EBAFB5C}.Release|iPhoneSimulator.Build.0 = Release|Any CPU
		{B0923B2A-06CB-45AB-A859-52BC7EBAFB5C}.Release|x64.ActiveCfg = Release|Any CPU
		{B0923B2A-06CB-45AB-A859-52BC7EBAFB5C}.Release|x64.Build.0 = Release|Any CPU
		{B0923B2A-06CB-45AB-A859-52BC7EBAFB5C}.Release|x86.ActiveCfg = Release|Any CPU
		{B0923B2A-06CB-45AB-A859-52BC7EBAFB5C}.Release|x86.Build.0 = Release|Any CPU
		{A6A39CB0-793F-4EB4-B8F5-8FC10F1182D6}.Ad-Hoc|Any CPU.ActiveCfg = Debug|Any CPU
		{A6A39CB0-793F-4EB4-B8F5-8FC10F1182D6}.Ad-Hoc|Any CPU.Build.0 = Debug|Any CPU
		{A6A39CB0-793F-4EB4-B8F5-8FC10F1182D6}.Ad-Hoc|ARM.ActiveCfg = Debug|Any CPU
		{A6A39CB0-793F-4EB4-B8F5-8FC10F1182D6}.Ad-Hoc|ARM.Build.0 = Debug|Any CPU
		{A6A39CB0-793F-4EB4-B8F5-8FC10F1182D6}.Ad-Hoc|iPhone.ActiveCfg = Debug|Any CPU
		{A6A39CB0-793F-4EB4-B8F5-8FC10F1182D6}.Ad-Hoc|iPhone.Build.0 = Debug|Any CPU
		{A6A39CB0-793F-4EB4-B8F5-8FC10F1182D6}.Ad-Hoc|iPhoneSimulator.ActiveCfg = Debug|Any CPU
		{A6A39CB0-793F-4EB4-B8F5-8FC10F1182D6}.Ad-Hoc|iPhoneSimulator.Build.0 = Debug|Any CPU
		{A6A39CB0-793F-4EB4-B8F5-8FC10F1182D6}.Ad-Hoc|x64.ActiveCfg = Debug|Any CPU
		{A6A39CB0-793F-4EB4-B8F5-8FC10F1182D6}.Ad-Hoc|x64.Build.0 = Debug|Any CPU
		{A6A39CB0-793F-4EB4-B8F5-8FC10F1182D6}.Ad-Hoc|x86.ActiveCfg = Debug|Any CPU
		{A6A39CB0-793F-4EB4-B8F5-8FC10F1182D6}.Ad-Hoc|x86.Build.0 = Debug|Any CPU
		{A6A39CB0-793F-4EB4-B8F5-8FC10F1182D6}.AppStore|Any CPU.ActiveCfg = Debug|Any CPU
		{A6A39CB0-793F-4EB4-B8F5-8FC10F1182D6}.AppStore|Any CPU.Build.0 = Debug|Any CPU
		{A6A39CB0-793F-4EB4-B8F5-8FC10F1182D6}.AppStore|ARM.ActiveCfg = Debug|Any CPU
		{A6A39CB0-793F-4EB4-B8F5-8FC10F1182D6}.AppStore|ARM.Build.0 = Debug|Any CPU
		{A6A39CB0-793F-4EB4-B8F5-8FC10F1182D6}.AppStore|iPhone.ActiveCfg = Debug|Any CPU
		{A6A39CB0-793F-4EB4-B8F5-8FC10F1182D6}.AppStore|iPhone.Build.0 = Debug|Any CPU
		{A6A39CB0-793F-4EB4-B8F5-8FC10F1182D6}.AppStore|iPhoneSimulator.ActiveCfg = Debug|Any CPU
		{A6A39CB0-793F-4EB4-B8F5-8FC10F1182D6}.AppStore|iPhoneSimulator.Build.0 = Debug|Any CPU
		{A6A39CB0-793F-4EB4-B8F5-8FC10F1182D6}.AppStore|x64.ActiveCfg = Debug|Any CPU
		{A6A39CB0-793F-4EB4-B8F5-8FC10F1182D6}.AppStore|x64.Build.0 = Debug|Any CPU
		{A6A39CB0-793F-4EB4-B8F5-8FC10F1182D6}.AppStore|x86.ActiveCfg = Debug|Any CPU
		{A6A39CB0-793F-4EB4-B8F5-8FC10F1182D6}.AppStore|x86.Build.0 = Debug|Any CPU
		{A6A39CB0-793F-4EB4-B8F5-8FC10F1182D6}.Debug|Any CPU.ActiveCfg = Debug|Any CPU
		{A6A39CB0-793F-4EB4-B8F5-8FC10F1182D6}.Debug|Any CPU.Build.0 = Debug|Any CPU
		{A6A39CB0-793F-4EB4-B8F5-8FC10F1182D6}.Debug|ARM.ActiveCfg = Debug|Any CPU
		{A6A39CB0-793F-4EB4-B8F5-8FC10F1182D6}.Debug|ARM.Build.0 = Debug|Any CPU
		{A6A39CB0-793F-4EB4-B8F5-8FC10F1182D6}.Debug|iPhone.ActiveCfg = Debug|Any CPU
		{A6A39CB0-793F-4EB4-B8F5-8FC10F1182D6}.Debug|iPhone.Build.0 = Debug|Any CPU
		{A6A39CB0-793F-4EB4-B8F5-8FC10F1182D6}.Debug|iPhoneSimulator.ActiveCfg = Debug|Any CPU
		{A6A39CB0-793F-4EB4-B8F5-8FC10F1182D6}.Debug|iPhoneSimulator.Build.0 = Debug|Any CPU
		{A6A39CB0-793F-4EB4-B8F5-8FC10F1182D6}.Debug|x64.ActiveCfg = Debug|Any CPU
		{A6A39CB0-793F-4EB4-B8F5-8FC10F1182D6}.Debug|x64.Build.0 = Debug|Any CPU
		{A6A39CB0-793F-4EB4-B8F5-8FC10F1182D6}.Debug|x86.ActiveCfg = Debug|Any CPU
		{A6A39CB0-793F-4EB4-B8F5-8FC10F1182D6}.Debug|x86.Build.0 = Debug|Any CPU
		{A6A39CB0-793F-4EB4-B8F5-8FC10F1182D6}.Release|Any CPU.ActiveCfg = Release|Any CPU
		{A6A39CB0-793F-4EB4-B8F5-8FC10F1182D6}.Release|Any CPU.Build.0 = Release|Any CPU
		{A6A39CB0-793F-4EB4-B8F5-8FC10F1182D6}.Release|ARM.ActiveCfg = Release|Any CPU
		{A6A39CB0-793F-4EB4-B8F5-8FC10F1182D6}.Release|ARM.Build.0 = Release|Any CPU
		{A6A39CB0-793F-4EB4-B8F5-8FC10F1182D6}.Release|iPhone.ActiveCfg = Release|Any CPU
		{A6A39CB0-793F-4EB4-B8F5-8FC10F1182D6}.Release|iPhone.Build.0 = Release|Any CPU
		{A6A39CB0-793F-4EB4-B8F5-8FC10F1182D6}.Release|iPhoneSimulator.ActiveCfg = Release|Any CPU
		{A6A39CB0-793F-4EB4-B8F5-8FC10F1182D6}.Release|iPhoneSimulator.Build.0 = Release|Any CPU
		{A6A39CB0-793F-4EB4-B8F5-8FC10F1182D6}.Release|x64.ActiveCfg = Release|Any CPU
		{A6A39CB0-793F-4EB4-B8F5-8FC10F1182D6}.Release|x64.Build.0 = Release|Any CPU
		{A6A39CB0-793F-4EB4-B8F5-8FC10F1182D6}.Release|x86.ActiveCfg = Release|Any CPU
		{A6A39CB0-793F-4EB4-B8F5-8FC10F1182D6}.Release|x86.Build.0 = Release|Any CPU
	EndGlobalSection
	GlobalSection(SolutionProperties) = preSolution
		HideSolutionNode = FALSE
	EndGlobalSection
	GlobalSection(NestedProjects) = preSolution
		{6C62A455-757F-4269-8AEE-D99D85BAD6AC} = {717C74A3-5EEA-40D0-901D-F908B377E993}
		{133569E6-0514-4B54-84E8-7CDCDD179B03} = {717C74A3-5EEA-40D0-901D-F908B377E993}
		{F5E07285-2A61-4C9C-8E83-DD88BEE55D61} = {717C74A3-5EEA-40D0-901D-F908B377E993}
		{B0923B2A-06CB-45AB-A859-52BC7EBAFB5C} = {FCEB0C38-876D-4B1E-AF1F-B1BACB3B8745}
		{A6A39CB0-793F-4EB4-B8F5-8FC10F1182D6} = {FCEB0C38-876D-4B1E-AF1F-B1BACB3B8745}
	EndGlobalSection
	GlobalSection(ExtensibilityGlobals) = postSolution
		SolutionGuid = {7608B62B-1373-4BE7-8B90-21A287AF4E73}
	EndGlobalSection
EndGlobal
